// !$*UTF8*$!
{
	archiveVersion = 1;
	classes = {
	};
	objectVersion = 56;
	objects = {

/* Begin PBXBuildFile section */
		44AE2AED290CEA3400A31DB6 /* DotSyncIOSApp.swift in Sources */ = {isa = PBXBuildFile; fileRef = 44AE2AEC290CEA3400A31DB6 /* DotSyncIOSApp.swift */; };
		44AE2AEF290CEA3400A31DB6 /* ContentView.swift in Sources */ = {isa = PBXBuildFile; fileRef = 44AE2AEE290CEA3400A31DB6 /* ContentView.swift */; };
		44AE2AF1290CEA3500A31DB6 /* Assets.xcassets in Resources */ = {isa = PBXBuildFile; fileRef = 44AE2AF0290CEA3500A31DB6 /* Assets.xcassets */; };
		44AE2AF4290CEA3500A31DB6 /* Preview Assets.xcassets in Resources */ = {isa = PBXBuildFile; fileRef = 44AE2AF3290CEA3500A31DB6 /* Preview Assets.xcassets */; };
		44AE2AF6290CEA3500A31DB6 /* Persistence.swift in Sources */ = {isa = PBXBuildFile; fileRef = 44AE2AF5290CEA3500A31DB6 /* Persistence.swift */; };
		44AE2AF9290CEA3500A31DB6 /* DotSyncIOS.xcdatamodeld in Sources */ = {isa = PBXBuildFile; fileRef = 44AE2AF7290CEA3500A31DB6 /* DotSyncIOS.xcdatamodeld */; };
		44AE2B03290CEA3500A31DB6 /* DotSyncIOSTests.swift in Sources */ = {isa = PBXBuildFile; fileRef = 44AE2B02290CEA3500A31DB6 /* DotSyncIOSTests.swift */; };
		44AE2B0D290CEA3500A31DB6 /* DotSyncIOSUITests.swift in Sources */ = {isa = PBXBuildFile; fileRef = 44AE2B0C290CEA3500A31DB6 /* DotSyncIOSUITests.swift */; };
		44AE2B0F290CEA3500A31DB6 /* DotSyncIOSUITestsLaunchTests.swift in Sources */ = {isa = PBXBuildFile; fileRef = 44AE2B0E290CEA3500A31DB6 /* DotSyncIOSUITestsLaunchTests.swift */; };
/* End PBXBuildFile section */

/* Begin PBXContainerItemProxy section */
		44AE2AFF290CEA3500A31DB6 /* PBXContainerItemProxy */ = {
			isa = PBXContainerItemProxy;
			containerPortal = 44AE2AE1290CEA3400A31DB6 /* Project object */;
			proxyType = 1;
			remoteGlobalIDString = 44AE2AE8290CEA3400A31DB6;
			remoteInfo = DotSyncIOS;
		};
		44AE2B09290CEA3500A31DB6 /* PBXContainerItemProxy */ = {
			isa = PBXContainerItemProxy;
			containerPortal = 44AE2AE1290CEA3400A31DB6 /* Project object */;
			proxyType = 1;
			remoteGlobalIDString = 44AE2AE8290CEA3400A31DB6;
			remoteInfo = DotSyncIOS;
		};
/* End PBXContainerItemProxy section */

/* Begin PBXFileReference section */
		44AE2AE9290CEA3400A31DB6 /* DotSyncIOS.app */ = {isa = PBXFileReference; explicitFileType = wrapper.application; includeInIndex = 0; path = DotSyncIOS.app; sourceTree = BUILT_PRODUCTS_DIR; };
		44AE2AEC290CEA3400A31DB6 /* DotSyncIOSApp.swift */ = {isa = PBXFileReference; lastKnownFileType = sourcecode.swift; path = DotSyncIOSApp.swift; sourceTree = "<group>"; };
		44AE2AEE290CEA3400A31DB6 /* ContentView.swift */ = {isa = PBXFileReference; lastKnownFileType = sourcecode.swift; path = ContentView.swift; sourceTree = "<group>"; };
		44AE2AF0290CEA3500A31DB6 /* Assets.xcassets */ = {isa = PBXFileReference; lastKnownFileType = folder.assetcatalog; path = Assets.xcassets; sourceTree = "<group>"; };
		44AE2AF3290CEA3500A31DB6 /* Preview Assets.xcassets */ = {isa = PBXFileReference; lastKnownFileType = folder.assetcatalog; path = "Preview Assets.xcassets"; sourceTree = "<group>"; };
		44AE2AF5290CEA3500A31DB6 /* Persistence.swift */ = {isa = PBXFileReference; lastKnownFileType = sourcecode.swift; path = Persistence.swift; sourceTree = "<group>"; };
		44AE2AF8290CEA3500A31DB6 /* DotSyncIOS.xcdatamodel */ = {isa = PBXFileReference; lastKnownFileType = wrapper.xcdatamodel; path = DotSyncIOS.xcdatamodel; sourceTree = "<group>"; };
		44AE2AFE290CEA3500A31DB6 /* DotSyncIOSTests.xctest */ = {isa = PBXFileReference; explicitFileType = wrapper.cfbundle; includeInIndex = 0; path = DotSyncIOSTests.xctest; sourceTree = BUILT_PRODUCTS_DIR; };
		44AE2B02290CEA3500A31DB6 /* DotSyncIOSTests.swift */ = {isa = PBXFileReference; lastKnownFileType = sourcecode.swift; path = DotSyncIOSTests.swift; sourceTree = "<group>"; };
		44AE2B08290CEA3500A31DB6 /* DotSyncIOSUITests.xctest */ = {isa = PBXFileReference; explicitFileType = wrapper.cfbundle; includeInIndex = 0; path = DotSyncIOSUITests.xctest; sourceTree = BUILT_PRODUCTS_DIR; };
		44AE2B0C290CEA3500A31DB6 /* DotSyncIOSUITests.swift */ = {isa = PBXFileReference; lastKnownFileType = sourcecode.swift; path = DotSyncIOSUITests.swift; sourceTree = "<group>"; };
		44AE2B0E290CEA3500A31DB6 /* DotSyncIOSUITestsLaunchTests.swift */ = {isa = PBXFileReference; lastKnownFileType = sourcecode.swift; path = DotSyncIOSUITestsLaunchTests.swift; sourceTree = "<group>"; };
/* End PBXFileReference section */

/* Begin PBXFrameworksBuildPhase section */
		44AE2AE6290CEA3400A31DB6 /* Frameworks */ = {
			isa = PBXFrameworksBuildPhase;
			buildActionMask = 2147483647;
			files = (
			);
			runOnlyForDeploymentPostprocessing = 0;
		};
		44AE2AFB290CEA3500A31DB6 /* Frameworks */ = {
			isa = PBXFrameworksBuildPhase;
			buildActionMask = 2147483647;
			files = (
			);
			runOnlyForDeploymentPostprocessing = 0;
		};
		44AE2B05290CEA3500A31DB6 /* Frameworks */ = {
			isa = PBXFrameworksBuildPhase;
			buildActionMask = 2147483647;
			files = (
			);
			runOnlyForDeploymentPostprocessing = 0;
		};
/* End PBXFrameworksBuildPhase section */

/* Begin PBXGroup section */
		44AE2AE0290CEA3400A31DB6 = {
			isa = PBXGroup;
			children = (
				44AE2AEB290CEA3400A31DB6 /* DotSyncIOS */,
				44AE2B01290CEA3500A31DB6 /* DotSyncIOSTests */,
				44AE2B0B290CEA3500A31DB6 /* DotSyncIOSUITests */,
				44AE2AEA290CEA3400A31DB6 /* Products */,
			);
			sourceTree = "<group>";
		};
		44AE2AEA290CEA3400A31DB6 /* Products */ = {
			isa = PBXGroup;
			children = (
				44AE2AE9290CEA3400A31DB6 /* DotSyncIOS.app */,
				44AE2AFE290CEA3500A31DB6 /* DotSyncIOSTests.xctest */,
				44AE2B08290CEA3500A31DB6 /* DotSyncIOSUITests.xctest */,
			);
			name = Products;
			sourceTree = "<group>";
		};
		44AE2AEB290CEA3400A31DB6 /* DotSyncIOS */ = {
			isa = PBXGroup;
			children = (
				44AE2AEC290CEA3400A31DB6 /* DotSyncIOSApp.swift */,
				44AE2AEE290CEA3400A31DB6 /* ContentView.swift */,
				44AE2AF0290CEA3500A31DB6 /* Assets.xcassets */,
				44AE2AF5290CEA3500A31DB6 /* Persistence.swift */,
				44AE2AF7290CEA3500A31DB6 /* DotSyncIOS.xcdatamodeld */,
				44AE2AF2290CEA3500A31DB6 /* Preview Content */,
			);
			path = DotSyncIOS;
			sourceTree = "<group>";
		};
		44AE2AF2290CEA3500A31DB6 /* Preview Content */ = {
			isa = PBXGroup;
			children = (
				44AE2AF3290CEA3500A31DB6 /* Preview Assets.xcassets */,
			);
			path = "Preview Content";
			sourceTree = "<group>";
		};
		44AE2B01290CEA3500A31DB6 /* DotSyncIOSTests */ = {
			isa = PBXGroup;
			children = (
				44AE2B02290CEA3500A31DB6 /* DotSyncIOSTests.swift */,
			);
			path = DotSyncIOSTests;
			sourceTree = "<group>";
		};
		44AE2B0B290CEA3500A31DB6 /* DotSyncIOSUITests */ = {
			isa = PBXGroup;
			children = (
				44AE2B0C290CEA3500A31DB6 /* DotSyncIOSUITests.swift */,
				44AE2B0E290CEA3500A31DB6 /* DotSyncIOSUITestsLaunchTests.swift */,
			);
			path = DotSyncIOSUITests;
			sourceTree = "<group>";
		};
/* End PBXGroup section */

/* Begin PBXNativeTarget section */
		44AE2AE8290CEA3400A31DB6 /* DotSyncIOS */ = {
			isa = PBXNativeTarget;
			buildConfigurationList = 44AE2B12290CEA3500A31DB6 /* Build configuration list for PBXNativeTarget "DotSyncIOS" */;
			buildPhases = (
				44AE2AE5290CEA3400A31DB6 /* Sources */,
				44AE2AE6290CEA3400A31DB6 /* Frameworks */,
				44AE2AE7290CEA3400A31DB6 /* Resources */,
			);
			buildRules = (
			);
			dependencies = (
			);
			name = DotSyncIOS;
			productName = DotSyncIOS;
			productReference = 44AE2AE9290CEA3400A31DB6 /* DotSyncIOS.app */;
			productType = "com.apple.product-type.application";
		};
		44AE2AFD290CEA3500A31DB6 /* DotSyncIOSTests */ = {
			isa = PBXNativeTarget;
			buildConfigurationList = 44AE2B15290CEA3500A31DB6 /* Build configuration list for PBXNativeTarget "DotSyncIOSTests" */;
			buildPhases = (
				44AE2AFA290CEA3500A31DB6 /* Sources */,
				44AE2AFB290CEA3500A31DB6 /* Frameworks */,
				44AE2AFC290CEA3500A31DB6 /* Resources */,
			);
			buildRules = (
			);
			dependencies = (
				44AE2B00290CEA3500A31DB6 /* PBXTargetDependency */,
			);
			name = DotSyncIOSTests;
			productName = DotSyncIOSTests;
			productReference = 44AE2AFE290CEA3500A31DB6 /* DotSyncIOSTests.xctest */;
			productType = "com.apple.product-type.bundle.unit-test";
		};
		44AE2B07290CEA3500A31DB6 /* DotSyncIOSUITests */ = {
			isa = PBXNativeTarget;
			buildConfigurationList = 44AE2B18290CEA3500A31DB6 /* Build configuration list for PBXNativeTarget "DotSyncIOSUITests" */;
			buildPhases = (
				44AE2B04290CEA3500A31DB6 /* Sources */,
				44AE2B05290CEA3500A31DB6 /* Frameworks */,
				44AE2B06290CEA3500A31DB6 /* Resources */,
			);
			buildRules = (
			);
			dependencies = (
				44AE2B0A290CEA3500A31DB6 /* PBXTargetDependency */,
			);
			name = DotSyncIOSUITests;
			productName = DotSyncIOSUITests;
			productReference = 44AE2B08290CEA3500A31DB6 /* DotSyncIOSUITests.xctest */;
			productType = "com.apple.product-type.bundle.ui-testing";
		};
/* End PBXNativeTarget section */

/* Begin PBXProject section */
		44AE2AE1290CEA3400A31DB6 /* Project object */ = {
			isa = PBXProject;
			attributes = {
				BuildIndependentTargetsInParallel = 1;
				LastSwiftUpdateCheck = 1400;
				LastUpgradeCheck = 1400;
				TargetAttributes = {
					44AE2AE8290CEA3400A31DB6 = {
						CreatedOnToolsVersion = 14.0.1;
					};
					44AE2AFD290CEA3500A31DB6 = {
						CreatedOnToolsVersion = 14.0.1;
						TestTargetID = 44AE2AE8290CEA3400A31DB6;
					};
					44AE2B07290CEA3500A31DB6 = {
						CreatedOnToolsVersion = 14.0.1;
						TestTargetID = 44AE2AE8290CEA3400A31DB6;
					};
				};
			};
			buildConfigurationList = 44AE2AE4290CEA3400A31DB6 /* Build configuration list for PBXProject "DotSyncIOS" */;
			compatibilityVersion = "Xcode 14.0";
			developmentRegion = en;
			hasScannedForEncodings = 0;
			knownRegions = (
				en,
				Base,
			);
			mainGroup = 44AE2AE0290CEA3400A31DB6;
			productRefGroup = 44AE2AEA290CEA3400A31DB6 /* Products */;
			projectDirPath = "";
			projectRoot = "";
			targets = (
				44AE2AE8290CEA3400A31DB6 /* DotSyncIOS */,
				44AE2AFD290CEA3500A31DB6 /* DotSyncIOSTests */,
				44AE2B07290CEA3500A31DB6 /* DotSyncIOSUITests */,
			);
		};
/* End PBXProject section */

/* Begin PBXResourcesBuildPhase section */
		44AE2AE7290CEA3400A31DB6 /* Resources */ = {
			isa = PBXResourcesBuildPhase;
			buildActionMask = 2147483647;
			files = (
				44AE2AF4290CEA3500A31DB6 /* Preview Assets.xcassets in Resources */,
				44AE2AF1290CEA3500A31DB6 /* Assets.xcassets in Resources */,
			);
			runOnlyForDeploymentPostprocessing = 0;
		};
		44AE2AFC290CEA3500A31DB6 /* Resources */ = {
			isa = PBXResourcesBuildPhase;
			buildActionMask = 2147483647;
			files = (
			);
			runOnlyForDeploymentPostprocessing = 0;
		};
		44AE2B06290CEA3500A31DB6 /* Resources */ = {
			isa = PBXResourcesBuildPhase;
			buildActionMask = 2147483647;
			files = (
			);
			runOnlyForDeploymentPostprocessing = 0;
		};
/* End PBXResourcesBuildPhase section */

/* Begin PBXSourcesBuildPhase section */
		44AE2AE5290CEA3400A31DB6 /* Sources */ = {
			isa = PBXSourcesBuildPhase;
			buildActionMask = 2147483647;
			files = (
				44AE2AF6290CEA3500A31DB6 /* Persistence.swift in Sources */,
				44AE2AEF290CEA3400A31DB6 /* ContentView.swift in Sources */,
				44AE2AF9290CEA3500A31DB6 /* DotSyncIOS.xcdatamodeld in Sources */,
				44AE2AED290CEA3400A31DB6 /* DotSyncIOSApp.swift in Sources */,
			);
			runOnlyForDeploymentPostprocessing = 0;
		};
		44AE2AFA290CEA3500A31DB6 /* Sources */ = {
			isa = PBXSourcesBuildPhase;
			buildActionMask = 2147483647;
			files = (
				44AE2B03290CEA3500A31DB6 /* DotSyncIOSTests.swift in Sources */,
			);
			runOnlyForDeploymentPostprocessing = 0;
		};
		44AE2B04290CEA3500A31DB6 /* Sources */ = {
			isa = PBXSourcesBuildPhase;
			buildActionMask = 2147483647;
			files = (
				44AE2B0D290CEA3500A31DB6 /* DotSyncIOSUITests.swift in Sources */,
				44AE2B0F290CEA3500A31DB6 /* DotSyncIOSUITestsLaunchTests.swift in Sources */,
			);
			runOnlyForDeploymentPostprocessing = 0;
		};
/* End PBXSourcesBuildPhase section */

/* Begin PBXTargetDependency section */
		44AE2B00290CEA3500A31DB6 /* PBXTargetDependency */ = {
			isa = PBXTargetDependency;
			target = 44AE2AE8290CEA3400A31DB6 /* DotSyncIOS */;
			targetProxy = 44AE2AFF290CEA3500A31DB6 /* PBXContainerItemProxy */;
		};
		44AE2B0A290CEA3500A31DB6 /* PBXTargetDependency */ = {
			isa = PBXTargetDependency;
			target = 44AE2AE8290CEA3400A31DB6 /* DotSyncIOS */;
			targetProxy = 44AE2B09290CEA3500A31DB6 /* PBXContainerItemProxy */;
		};
/* End PBXTargetDependency section */

/* Begin XCBuildConfiguration section */
		44AE2B10290CEA3500A31DB6 /* Debug */ = {
			isa = XCBuildConfiguration;
			buildSettings = {
				ALWAYS_SEARCH_USER_PATHS = NO;
				CLANG_ANALYZER_NONNULL = YES;
				CLANG_ANALYZER_NUMBER_OBJECT_CONVERSION = YES_AGGRESSIVE;
				CLANG_CXX_LANGUAGE_STANDARD = "gnu++20";
				CLANG_ENABLE_MODULES = YES;
				CLANG_ENABLE_OBJC_ARC = YES;
				CLANG_ENABLE_OBJC_WEAK = YES;
				CLANG_WARN_BLOCK_CAPTURE_AUTORELEASING = YES;
				CLANG_WARN_BOOL_CONVERSION = YES;
				CLANG_WARN_COMMA = YES;
				CLANG_WARN_CONSTANT_CONVERSION = YES;
				CLANG_WARN_DEPRECATED_OBJC_IMPLEMENTATIONS = YES;
				CLANG_WARN_DIRECT_OBJC_ISA_USAGE = YES_ERROR;
				CLANG_WARN_DOCUMENTATION_COMMENTS = YES;
				CLANG_WARN_EMPTY_BODY = YES;
				CLANG_WARN_ENUM_CONVERSION = YES;
				CLANG_WARN_INFINITE_RECURSION = YES;
				CLANG_WARN_INT_CONVERSION = YES;
				CLANG_WARN_NON_LITERAL_NULL_CONVERSION = YES;
				CLANG_WARN_OBJC_IMPLICIT_RETAIN_SELF = YES;
				CLANG_WARN_OBJC_LITERAL_CONVERSION = YES;
				CLANG_WARN_OBJC_ROOT_CLASS = YES_ERROR;
				CLANG_WARN_QUOTED_INCLUDE_IN_FRAMEWORK_HEADER = YES;
				CLANG_WARN_RANGE_LOOP_ANALYSIS = YES;
				CLANG_WARN_STRICT_PROTOTYPES = YES;
				CLANG_WARN_SUSPICIOUS_MOVE = YES;
				CLANG_WARN_UNGUARDED_AVAILABILITY = YES_AGGRESSIVE;
				CLANG_WARN_UNREACHABLE_CODE = YES;
				CLANG_WARN__DUPLICATE_METHOD_MATCH = YES;
				COPY_PHASE_STRIP = NO;
				DEBUG_INFORMATION_FORMAT = dwarf;
				ENABLE_STRICT_OBJC_MSGSEND = YES;
				ENABLE_TESTABILITY = YES;
				GCC_C_LANGUAGE_STANDARD = gnu11;
				GCC_DYNAMIC_NO_PIC = NO;
				GCC_NO_COMMON_BLOCKS = YES;
				GCC_OPTIMIZATION_LEVEL = 0;
				GCC_PREPROCESSOR_DEFINITIONS = (
					"DEBUG=1",
					"$(inherited)",
				);
				GCC_WARN_64_TO_32_BIT_CONVERSION = YES;
				GCC_WARN_ABOUT_RETURN_TYPE = YES_ERROR;
				GCC_WARN_UNDECLARED_SELECTOR = YES;
				GCC_WARN_UNINITIALIZED_AUTOS = YES_AGGRESSIVE;
				GCC_WARN_UNUSED_FUNCTION = YES;
				GCC_WARN_UNUSED_VARIABLE = YES;
				IPHONEOS_DEPLOYMENT_TARGET = 16.0;
				MTL_ENABLE_DEBUG_INFO = INCLUDE_SOURCE;
				MTL_FAST_MATH = YES;
				ONLY_ACTIVE_ARCH = YES;
				SDKROOT = iphoneos;
				SWIFT_ACTIVE_COMPILATION_CONDITIONS = DEBUG;
				SWIFT_OPTIMIZATION_LEVEL = "-Onone";
			};
			name = Debug;
		};
		44AE2B11290CEA3500A31DB6 /* Release */ = {
			isa = XCBuildConfiguration;
			buildSettings = {
				ALWAYS_SEARCH_USER_PATHS = NO;
				CLANG_ANALYZER_NONNULL = YES;
				CLANG_ANALYZER_NUMBER_OBJECT_CONVERSION = YES_AGGRESSIVE;
				CLANG_CXX_LANGUAGE_STANDARD = "gnu++20";
				CLANG_ENABLE_MODULES = YES;
				CLANG_ENABLE_OBJC_ARC = YES;
				CLANG_ENABLE_OBJC_WEAK = YES;
				CLANG_WARN_BLOCK_CAPTURE_AUTORELEASING = YES;
				CLANG_WARN_BOOL_CONVERSION = YES;
				CLANG_WARN_COMMA = YES;
				CLANG_WARN_CONSTANT_CONVERSION = YES;
				CLANG_WARN_DEPRECATED_OBJC_IMPLEMENTATIONS = YES;
				CLANG_WARN_DIRECT_OBJC_ISA_USAGE = YES_ERROR;
				CLANG_WARN_DOCUMENTATION_COMMENTS = YES;
				CLANG_WARN_EMPTY_BODY = YES;
				CLANG_WARN_ENUM_CONVERSION = YES;
				CLANG_WARN_INFINITE_RECURSION = YES;
				CLANG_WARN_INT_CONVERSION = YES;
				CLANG_WARN_NON_LITERAL_NULL_CONVERSION = YES;
				CLANG_WARN_OBJC_IMPLICIT_RETAIN_SELF = YES;
				CLANG_WARN_OBJC_LITERAL_CONVERSION = YES;
				CLANG_WARN_OBJC_ROOT_CLASS = YES_ERROR;
				CLANG_WARN_QUOTED_INCLUDE_IN_FRAMEWORK_HEADER = YES;
				CLANG_WARN_RANGE_LOOP_ANALYSIS = YES;
				CLANG_WARN_STRICT_PROTOTYPES = YES;
				CLANG_WARN_SUSPICIOUS_MOVE = YES;
				CLANG_WARN_UNGUARDED_AVAILABILITY = YES_AGGRESSIVE;
				CLANG_WARN_UNREACHABLE_CODE = YES;
				CLANG_WARN__DUPLICATE_METHOD_MATCH = YES;
				COPY_PHASE_STRIP = NO;
				DEBUG_INFORMATION_FORMAT = "dwarf-with-dsym";
				ENABLE_NS_ASSERTIONS = NO;
				ENABLE_STRICT_OBJC_MSGSEND = YES;
				GCC_C_LANGUAGE_STANDARD = gnu11;
				GCC_NO_COMMON_BLOCKS = YES;
				GCC_WARN_64_TO_32_BIT_CONVERSION = YES;
				GCC_WARN_ABOUT_RETURN_TYPE = YES_ERROR;
				GCC_WARN_UNDECLARED_SELECTOR = YES;
				GCC_WARN_UNINITIALIZED_AUTOS = YES_AGGRESSIVE;
				GCC_WARN_UNUSED_FUNCTION = YES;
				GCC_WARN_UNUSED_VARIABLE = YES;
				IPHONEOS_DEPLOYMENT_TARGET = 16.0;
				MTL_ENABLE_DEBUG_INFO = NO;
				MTL_FAST_MATH = YES;
				SDKROOT = iphoneos;
				SWIFT_COMPILATION_MODE = wholemodule;
				SWIFT_OPTIMIZATION_LEVEL = "-O";
				VALIDATE_PRODUCT = YES;
			};
			name = Release;
		};
		44AE2B13290CEA3500A31DB6 /* Debug */ = {
			isa = XCBuildConfiguration;
			buildSettings = {
				ASSETCATALOG_COMPILER_APPICON_NAME = AppIcon;
				ASSETCATALOG_COMPILER_GLOBAL_ACCENT_COLOR_NAME = AccentColor;
				CODE_SIGN_STYLE = Automatic;
				CURRENT_PROJECT_VERSION = 1;
				DEVELOPMENT_ASSET_PATHS = "\"DotSyncIOS/Preview Content\"";
				DEVELOPMENT_TEAM = 7SN8S32BBW;
				ENABLE_PREVIEWS = YES;
				GENERATE_INFOPLIST_FILE = YES;
				INFOPLIST_KEY_UIApplicationSceneManifest_Generation = YES;
				INFOPLIST_KEY_UIApplicationSupportsIndirectInputEvents = YES;
				INFOPLIST_KEY_UILaunchScreen_Generation = YES;
				INFOPLIST_KEY_UISupportedInterfaceOrientations_iPad = "UIInterfaceOrientationPortrait UIInterfaceOrientationPortraitUpsideDown UIInterfaceOrientationLandscapeLeft UIInterfaceOrientationLandscapeRight";
				INFOPLIST_KEY_UISupportedInterfaceOrientations_iPhone = "UIInterfaceOrientationPortrait UIInterfaceOrientationLandscapeLeft UIInterfaceOrientationLandscapeRight";
				LD_RUNPATH_SEARCH_PATHS = (
					"$(inherited)",
					"@executable_path/Frameworks",
				);
				MARKETING_VERSION = 1.0;
				PRODUCT_BUNDLE_IDENTIFIER = io.fernandozhu.DotSyncIOS;
				PRODUCT_NAME = "$(TARGET_NAME)";
				SWIFT_EMIT_LOC_STRINGS = YES;
				SWIFT_VERSION = 5.0;
				TARGETED_DEVICE_FAMILY = "1,2";
			};
			name = Debug;
		};
		44AE2B14290CEA3500A31DB6 /* Release */ = {
			isa = XCBuildConfiguration;
			buildSettings = {
				ASSETCATALOG_COMPILER_APPICON_NAME = AppIcon;
				ASSETCATALOG_COMPILER_GLOBAL_ACCENT_COLOR_NAME = AccentColor;
				CODE_SIGN_STYLE = Automatic;
				CURRENT_PROJECT_VERSION = 1;
				DEVELOPMENT_ASSET_PATHS = "\"DotSyncIOS/Preview Content\"";
				DEVELOPMENT_TEAM = 7SN8S32BBW;
				ENABLE_PREVIEWS = YES;
				GENERATE_INFOPLIST_FILE = YES;
				INFOPLIST_KEY_UIApplicationSceneManifest_Generation = YES;
				INFOPLIST_KEY_UIApplicationSupportsIndirectInputEvents = YES;
				INFOPLIST_KEY_UILaunchScreen_Generation = YES;
				INFOPLIST_KEY_UISupportedInterfaceOrientations_iPad = "UIInterfaceOrientationPortrait UIInterfaceOrientationPortraitUpsideDown UIInterfaceOrientationLandscapeLeft UIInterfaceOrientationLandscapeRight";
				INFOPLIST_KEY_UISupportedInterfaceOrientations_iPhone = "UIInterfaceOrientationPortrait UIInterfaceOrientationLandscapeLeft UIInterfaceOrientationLandscapeRight";
				LD_RUNPATH_SEARCH_PATHS = (
					"$(inherited)",
					"@executable_path/Frameworks",
				);
				MARKETING_VERSION = 1.0;
				PRODUCT_BUNDLE_IDENTIFIER = io.fernandozhu.DotSyncIOS;
				PRODUCT_NAME = "$(TARGET_NAME)";
				SWIFT_EMIT_LOC_STRINGS = YES;
				SWIFT_VERSION = 5.0;
				TARGETED_DEVICE_FAMILY = "1,2";
			};
			name = Release;
		};
		44AE2B16290CEA3500A31DB6 /* Debug */ = {
			isa = XCBuildConfiguration;
			buildSettings = {
				ALWAYS_EMBED_SWIFT_STANDARD_LIBRARIES = YES;
				BUNDLE_LOADER = "$(TEST_HOST)";
				CODE_SIGN_STYLE = Automatic;
				CURRENT_PROJECT_VERSION = 1;
				DEVELOPMENT_TEAM = 7SN8S32BBW;
				GENERATE_INFOPLIST_FILE = YES;
				IPHONEOS_DEPLOYMENT_TARGET = 16.0;
				MARKETING_VERSION = 1.0;
				PRODUCT_BUNDLE_IDENTIFIER = io.fernandozhu.DotSyncIOSTests;
				PRODUCT_NAME = "$(TARGET_NAME)";
				SWIFT_EMIT_LOC_STRINGS = NO;
				SWIFT_VERSION = 5.0;
				TARGETED_DEVICE_FAMILY = "1,2";
				TEST_HOST = "$(BUILT_PRODUCTS_DIR)/DotSyncIOS.app/$(BUNDLE_EXECUTABLE_FOLDER_PATH)/DotSyncIOS";
			};
			name = Debug;
		};
		44AE2B17290CEA3500A31DB6 /* Release */ = {
			isa = XCBuildConfiguration;
			buildSettings = {
				ALWAYS_EMBED_SWIFT_STANDARD_LIBRARIES = YES;
				BUNDLE_LOADER = "$(TEST_HOST)";
				CODE_SIGN_STYLE = Automatic;
				CURRENT_PROJECT_VERSION = 1;
				DEVELOPMENT_TEAM = 7SN8S32BBW;
				GENERATE_INFOPLIST_FILE = YES;
				IPHONEOS_DEPLOYMENT_TARGET = 16.0;
				MARKETING_VERSION = 1.0;
				PRODUCT_BUNDLE_IDENTIFIER = io.fernandozhu.DotSyncIOSTests;
				PRODUCT_NAME = "$(TARGET_NAME)";
				SWIFT_EMIT_LOC_STRINGS = NO;
				SWIFT_VERSION = 5.0;
				TARGETED_DEVICE_FAMILY = "1,2";
				TEST_HOST = "$(BUILT_PRODUCTS_DIR)/DotSyncIOS.app/$(BUNDLE_EXECUTABLE_FOLDER_PATH)/DotSyncIOS";
			};
			name = Release;
		};
		44AE2B19290CEA3500A31DB6 /* Debug */ = {
			isa = XCBuildConfiguration;
			buildSettings = {
				ALWAYS_EMBED_SWIFT_STANDARD_LIBRARIES = YES;
				CODE_SIGN_STYLE = Automatic;
				CURRENT_PROJECT_VERSION = 1;
				DEVELOPMENT_TEAM = 7SN8S32BBW;
				GENERATE_INFOPLIST_FILE = YES;
				MARKETING_VERSION = 1.0;
				PRODUCT_BUNDLE_IDENTIFIER = io.fernandozhu.DotSyncIOSUITests;
				PRODUCT_NAME = "$(TARGET_NAME)";
				SWIFT_EMIT_LOC_STRINGS = NO;
				SWIFT_VERSION = 5.0;
				TARGETED_DEVICE_FAMILY = "1,2";
				TEST_TARGET_NAME = DotSyncIOS;
			};
			name = Debug;
		};
		44AE2B1A290CEA3500A31DB6 /* Release */ = {
			isa = XCBuildConfiguration;
			buildSettings = {
				ALWAYS_EMBED_SWIFT_STANDARD_LIBRARIES = YES;
				CODE_SIGN_STYLE = Automatic;
				CURRENT_PROJECT_VERSION = 1;
				DEVELOPMENT_TEAM = 7SN8S32BBW;
				GENERATE_INFOPLIST_FILE = YES;
				MARKETING_VERSION = 1.0;
				PRODUCT_BUNDLE_IDENTIFIER = io.fernandozhu.DotSyncIOSUITests;
				PRODUCT_NAME = "$(TARGET_NAME)";
				SWIFT_EMIT_LOC_STRINGS = NO;
				SWIFT_VERSION = 5.0;
				TARGETED_DEVICE_FAMILY = "1,2";
				TEST_TARGET_NAME = DotSyncIOS;
			};
			name = Release;
		};
/* End XCBuildConfiguration section */

/* Begin XCConfigurationList section */
		44AE2AE4290CEA3400A31DB6 /* Build configuration list for PBXProject "DotSyncIOS" */ = {
			isa = XCConfigurationList;
			buildConfigurations = (
				44AE2B10290CEA3500A31DB6 /* Debug */,
				44AE2B11290CEA3500A31DB6 /* Release */,
			);
			defaultConfigurationIsVisible = 0;
			defaultConfigurationName = Release;
		};
		44AE2B12290CEA3500A31DB6 /* Build configuration list for PBXNativeTarget "DotSyncIOS" */ = {
			isa = XCConfigurationList;
			buildConfigurations = (
				44AE2B13290CEA3500A31DB6 /* Debug */,
				44AE2B14290CEA3500A31DB6 /* Release */,
			);
			defaultConfigurationIsVisible = 0;
			defaultConfigurationName = Release;
		};
		44AE2B15290CEA3500A31DB6 /* Build configuration list for PBXNativeTarget "DotSyncIOSTests" */ = {
			isa = XCConfigurationList;
			buildConfigurations = (
				44AE2B16290CEA3500A31DB6 /* Debug */,
				44AE2B17290CEA3500A31DB6 /* Release */,
			);
			defaultConfigurationIsVisible = 0;
			defaultConfigurationName = Release;
		};
		44AE2B18290CEA3500A31DB6 /* Build configuration list for PBXNativeTarget "DotSyncIOSUITests" */ = {
			isa = XCConfigurationList;
			buildConfigurations = (
				44AE2B19290CEA3500A31DB6 /* Debug */,
				44AE2B1A290CEA3500A31DB6 /* Release */,
			);
			defaultConfigurationIsVisible = 0;
			defaultConfigurationName = Release;
		};
/* End XCConfigurationList section */

/* Begin XCVersionGroup section */
		44AE2AF7290CEA3500A31DB6 /* DotSyncIOS.xcdatamodeld */ = {
			isa = XCVersionGroup;
			children = (
				44AE2AF8290CEA3500A31DB6 /* DotSyncIOS.xcdatamodel */,
			);
			currentVersion = 44AE2AF8290CEA3500A31DB6 /* DotSyncIOS.xcdatamodel */;
			path = DotSyncIOS.xcdatamodeld;
			sourceTree = "<group>";
			versionGroupType = wrapper.xcdatamodel;
		};
/* End XCVersionGroup section */
	};
	rootObject = 44AE2AE1290CEA3400A31DB6 /* Project object */;
}
