// !$*UTF8*$!
{
	archiveVersion = 1;
	classes = {
	};
	objectVersion = 56;
	objects = {

/* Begin PBXBuildFile section */
		44A1C07D2910AEF500B6241E /* DotSyncIOSApp.swift in Sources */ = {isa = PBXBuildFile; fileRef = 44A1C07C2910AEF500B6241E /* DotSyncIOSApp.swift */; };
		44A1C07F2910AEF500B6241E /* ContentView.swift in Sources */ = {isa = PBXBuildFile; fileRef = 44A1C07E2910AEF500B6241E /* ContentView.swift */; };
		44A1C0812910AEF500B6241E /* Assets.xcassets in Resources */ = {isa = PBXBuildFile; fileRef = 44A1C0802910AEF500B6241E /* Assets.xcassets */; };
		44A1C0842910AEF500B6241E /* Preview Assets.xcassets in Resources */ = {isa = PBXBuildFile; fileRef = 44A1C0832910AEF500B6241E /* Preview Assets.xcassets */; };
		44A1C0862910AEF500B6241E /* Persistence.swift in Sources */ = {isa = PBXBuildFile; fileRef = 44A1C0852910AEF500B6241E /* Persistence.swift */; };
		44A1C0892910AEF500B6241E /* DotSyncIOS.xcdatamodeld in Sources */ = {isa = PBXBuildFile; fileRef = 44A1C0872910AEF500B6241E /* DotSyncIOS.xcdatamodeld */; };
		44A1C0932910AEF600B6241E /* DotSyncIOSTests.swift in Sources */ = {isa = PBXBuildFile; fileRef = 44A1C0922910AEF600B6241E /* DotSyncIOSTests.swift */; };
		44A1C09D2910AEF600B6241E /* DotSyncIOSUITests.swift in Sources */ = {isa = PBXBuildFile; fileRef = 44A1C09C2910AEF600B6241E /* DotSyncIOSUITests.swift */; };
		44A1C09F2910AEF600B6241E /* DotSyncIOSUITestsLaunchTests.swift in Sources */ = {isa = PBXBuildFile; fileRef = 44A1C09E2910AEF600B6241E /* DotSyncIOSUITestsLaunchTests.swift */; };
/* End PBXBuildFile section */

/* Begin PBXContainerItemProxy section */
		44A1C08F2910AEF600B6241E /* PBXContainerItemProxy */ = {
			isa = PBXContainerItemProxy;
			containerPortal = 44A1C0712910AEF500B6241E /* Project object */;
			proxyType = 1;
			remoteGlobalIDString = 44A1C0782910AEF500B6241E;
			remoteInfo = DotSyncIOS;
		};
		44A1C0992910AEF600B6241E /* PBXContainerItemProxy */ = {
			isa = PBXContainerItemProxy;
			containerPortal = 44A1C0712910AEF500B6241E /* Project object */;
			proxyType = 1;
			remoteGlobalIDString = 44A1C0782910AEF500B6241E;
			remoteInfo = DotSyncIOS;
		};
/* End PBXContainerItemProxy section */

/* Begin PBXFileReference section */
		44A1C0792910AEF500B6241E /* DotSyncIOS.app */ = {isa = PBXFileReference; explicitFileType = wrapper.application; includeInIndex = 0; path = DotSyncIOS.app; sourceTree = BUILT_PRODUCTS_DIR; };
		44A1C07C2910AEF500B6241E /* DotSyncIOSApp.swift */ = {isa = PBXFileReference; lastKnownFileType = sourcecode.swift; path = DotSyncIOSApp.swift; sourceTree = "<group>"; };
		44A1C07E2910AEF500B6241E /* ContentView.swift */ = {isa = PBXFileReference; lastKnownFileType = sourcecode.swift; path = ContentView.swift; sourceTree = "<group>"; };
		44A1C0802910AEF500B6241E /* Assets.xcassets */ = {isa = PBXFileReference; lastKnownFileType = folder.assetcatalog; path = Assets.xcassets; sourceTree = "<group>"; };
		44A1C0832910AEF500B6241E /* Preview Assets.xcassets */ = {isa = PBXFileReference; lastKnownFileType = folder.assetcatalog; path = "Preview Assets.xcassets"; sourceTree = "<group>"; };
		44A1C0852910AEF500B6241E /* Persistence.swift */ = {isa = PBXFileReference; lastKnownFileType = sourcecode.swift; path = Persistence.swift; sourceTree = "<group>"; };
		44A1C0882910AEF500B6241E /* DotSyncIOS.xcdatamodel */ = {isa = PBXFileReference; lastKnownFileType = wrapper.xcdatamodel; path = DotSyncIOS.xcdatamodel; sourceTree = "<group>"; };
		44A1C08E2910AEF600B6241E /* DotSyncIOSTests.xctest */ = {isa = PBXFileReference; explicitFileType = wrapper.cfbundle; includeInIndex = 0; path = DotSyncIOSTests.xctest; sourceTree = BUILT_PRODUCTS_DIR; };
		44A1C0922910AEF600B6241E /* DotSyncIOSTests.swift */ = {isa = PBXFileReference; lastKnownFileType = sourcecode.swift; path = DotSyncIOSTests.swift; sourceTree = "<group>"; };
		44A1C0982910AEF600B6241E /* DotSyncIOSUITests.xctest */ = {isa = PBXFileReference; explicitFileType = wrapper.cfbundle; includeInIndex = 0; path = DotSyncIOSUITests.xctest; sourceTree = BUILT_PRODUCTS_DIR; };
		44A1C09C2910AEF600B6241E /* DotSyncIOSUITests.swift */ = {isa = PBXFileReference; lastKnownFileType = sourcecode.swift; path = DotSyncIOSUITests.swift; sourceTree = "<group>"; };
		44A1C09E2910AEF600B6241E /* DotSyncIOSUITestsLaunchTests.swift */ = {isa = PBXFileReference; lastKnownFileType = sourcecode.swift; path = DotSyncIOSUITestsLaunchTests.swift; sourceTree = "<group>"; };
/* End PBXFileReference section */

/* Begin PBXFrameworksBuildPhase section */
		44A1C0762910AEF500B6241E /* Frameworks */ = {
			isa = PBXFrameworksBuildPhase;
			buildActionMask = 2147483647;
			files = (
			);
			runOnlyForDeploymentPostprocessing = 0;
		};
		44A1C08B2910AEF600B6241E /* Frameworks */ = {
			isa = PBXFrameworksBuildPhase;
			buildActionMask = 2147483647;
			files = (
			);
			runOnlyForDeploymentPostprocessing = 0;
		};
		44A1C0952910AEF600B6241E /* Frameworks */ = {
			isa = PBXFrameworksBuildPhase;
			buildActionMask = 2147483647;
			files = (
			);
			runOnlyForDeploymentPostprocessing = 0;
		};
/* End PBXFrameworksBuildPhase section */

/* Begin PBXGroup section */
		44A1C0702910AEF500B6241E = {
			isa = PBXGroup;
			children = (
				44A1C07B2910AEF500B6241E /* DotSyncIOS */,
				44A1C0912910AEF600B6241E /* DotSyncIOSTests */,
				44A1C09B2910AEF600B6241E /* DotSyncIOSUITests */,
				44A1C07A2910AEF500B6241E /* Products */,
			);
			sourceTree = "<group>";
		};
		44A1C07A2910AEF500B6241E /* Products */ = {
			isa = PBXGroup;
			children = (
				44A1C0792910AEF500B6241E /* DotSyncIOS.app */,
				44A1C08E2910AEF600B6241E /* DotSyncIOSTests.xctest */,
				44A1C0982910AEF600B6241E /* DotSyncIOSUITests.xctest */,
			);
			name = Products;
			sourceTree = "<group>";
		};
		44A1C07B2910AEF500B6241E /* DotSyncIOS */ = {
			isa = PBXGroup;
			children = (
				44A1C07C2910AEF500B6241E /* DotSyncIOSApp.swift */,
				44A1C07E2910AEF500B6241E /* ContentView.swift */,
				44A1C0802910AEF500B6241E /* Assets.xcassets */,
				44A1C0852910AEF500B6241E /* Persistence.swift */,
				44A1C0872910AEF500B6241E /* DotSyncIOS.xcdatamodeld */,
				44A1C0822910AEF500B6241E /* Preview Content */,
			);
			path = DotSyncIOS;
			sourceTree = "<group>";
		};
		44A1C0822910AEF500B6241E /* Preview Content */ = {
			isa = PBXGroup;
			children = (
				44A1C0832910AEF500B6241E /* Preview Assets.xcassets */,
			);
			path = "Preview Content";
			sourceTree = "<group>";
		};
		44A1C0912910AEF600B6241E /* DotSyncIOSTests */ = {
			isa = PBXGroup;
			children = (
				44A1C0922910AEF600B6241E /* DotSyncIOSTests.swift */,
			);
			path = DotSyncIOSTests;
			sourceTree = "<group>";
		};
		44A1C09B2910AEF600B6241E /* DotSyncIOSUITests */ = {
			isa = PBXGroup;
			children = (
				44A1C09C2910AEF600B6241E /* DotSyncIOSUITests.swift */,
				44A1C09E2910AEF600B6241E /* DotSyncIOSUITestsLaunchTests.swift */,
			);
			path = DotSyncIOSUITests;
			sourceTree = "<group>";
		};
/* End PBXGroup section */

/* Begin PBXNativeTarget section */
		44A1C0782910AEF500B6241E /* DotSyncIOS */ = {
			isa = PBXNativeTarget;
			buildConfigurationList = 44A1C0A22910AEF600B6241E /* Build configuration list for PBXNativeTarget "DotSyncIOS" */;
			buildPhases = (
				44A1C0752910AEF500B6241E /* Sources */,
				44A1C0762910AEF500B6241E /* Frameworks */,
				44A1C0772910AEF500B6241E /* Resources */,
			);
			buildRules = (
			);
			dependencies = (
			);
			name = DotSyncIOS;
			productName = DotSyncIOS;
			productReference = 44A1C0792910AEF500B6241E /* DotSyncIOS.app */;
			productType = "com.apple.product-type.application";
		};
		44A1C08D2910AEF600B6241E /* DotSyncIOSTests */ = {
			isa = PBXNativeTarget;
			buildConfigurationList = 44A1C0A52910AEF600B6241E /* Build configuration list for PBXNativeTarget "DotSyncIOSTests" */;
			buildPhases = (
				44A1C08A2910AEF600B6241E /* Sources */,
				44A1C08B2910AEF600B6241E /* Frameworks */,
				44A1C08C2910AEF600B6241E /* Resources */,
			);
			buildRules = (
			);
			dependencies = (
				44A1C0902910AEF600B6241E /* PBXTargetDependency */,
			);
			name = DotSyncIOSTests;
			productName = DotSyncIOSTests;
			productReference = 44A1C08E2910AEF600B6241E /* DotSyncIOSTests.xctest */;
			productType = "com.apple.product-type.bundle.unit-test";
		};
		44A1C0972910AEF600B6241E /* DotSyncIOSUITests */ = {
			isa = PBXNativeTarget;
			buildConfigurationList = 44A1C0A82910AEF600B6241E /* Build configuration list for PBXNativeTarget "DotSyncIOSUITests" */;
			buildPhases = (
				44A1C0942910AEF600B6241E /* Sources */,
				44A1C0952910AEF600B6241E /* Frameworks */,
				44A1C0962910AEF600B6241E /* Resources */,
			);
			buildRules = (
			);
			dependencies = (
				44A1C09A2910AEF600B6241E /* PBXTargetDependency */,
			);
			name = DotSyncIOSUITests;
			productName = DotSyncIOSUITests;
			productReference = 44A1C0982910AEF600B6241E /* DotSyncIOSUITests.xctest */;
			productType = "com.apple.product-type.bundle.ui-testing";
		};
/* End PBXNativeTarget section */

/* Begin PBXProject section */
		44A1C0712910AEF500B6241E /* Project object */ = {
			isa = PBXProject;
			attributes = {
				BuildIndependentTargetsInParallel = 1;
				LastSwiftUpdateCheck = 1400;
				LastUpgradeCheck = 1400;
				TargetAttributes = {
					44A1C0782910AEF500B6241E = {
						CreatedOnToolsVersion = 14.0.1;
					};
					44A1C08D2910AEF600B6241E = {
						CreatedOnToolsVersion = 14.0.1;
						TestTargetID = 44A1C0782910AEF500B6241E;
					};
					44A1C0972910AEF600B6241E = {
						CreatedOnToolsVersion = 14.0.1;
						TestTargetID = 44A1C0782910AEF500B6241E;
					};
				};
			};
			buildConfigurationList = 44A1C0742910AEF500B6241E /* Build configuration list for PBXProject "DotSyncIOS" */;
			compatibilityVersion = "Xcode 14.0";
			developmentRegion = en;
			hasScannedForEncodings = 0;
			knownRegions = (
				en,
				Base,
			);
			mainGroup = 44A1C0702910AEF500B6241E;
			productRefGroup = 44A1C07A2910AEF500B6241E /* Products */;
			projectDirPath = "";
			projectRoot = "";
			targets = (
				44A1C0782910AEF500B6241E /* DotSyncIOS */,
				44A1C08D2910AEF600B6241E /* DotSyncIOSTests */,
				44A1C0972910AEF600B6241E /* DotSyncIOSUITests */,
			);
		};
/* End PBXProject section */

/* Begin PBXResourcesBuildPhase section */
		44A1C0772910AEF500B6241E /* Resources */ = {
			isa = PBXResourcesBuildPhase;
			buildActionMask = 2147483647;
			files = (
				44A1C0842910AEF500B6241E /* Preview Assets.xcassets in Resources */,
				44A1C0812910AEF500B6241E /* Assets.xcassets in Resources */,
			);
			runOnlyForDeploymentPostprocessing = 0;
		};
		44A1C08C2910AEF600B6241E /* Resources */ = {
			isa = PBXResourcesBuildPhase;
			buildActionMask = 2147483647;
			files = (
			);
			runOnlyForDeploymentPostprocessing = 0;
		};
		44A1C0962910AEF600B6241E /* Resources */ = {
			isa = PBXResourcesBuildPhase;
			buildActionMask = 2147483647;
			files = (
			);
			runOnlyForDeploymentPostprocessing = 0;
		};
/* End PBXResourcesBuildPhase section */

/* Begin PBXSourcesBuildPhase section */
		44A1C0752910AEF500B6241E /* Sources */ = {
			isa = PBXSourcesBuildPhase;
			buildActionMask = 2147483647;
			files = (
				44A1C0862910AEF500B6241E /* Persistence.swift in Sources */,
				44A1C07F2910AEF500B6241E /* ContentView.swift in Sources */,
				44A1C0892910AEF500B6241E /* DotSyncIOS.xcdatamodeld in Sources */,
				44A1C07D2910AEF500B6241E /* DotSyncIOSApp.swift in Sources */,
			);
			runOnlyForDeploymentPostprocessing = 0;
		};
		44A1C08A2910AEF600B6241E /* Sources */ = {
			isa = PBXSourcesBuildPhase;
			buildActionMask = 2147483647;
			files = (
				44A1C0932910AEF600B6241E /* DotSyncIOSTests.swift in Sources */,
			);
			runOnlyForDeploymentPostprocessing = 0;
		};
		44A1C0942910AEF600B6241E /* Sources */ = {
			isa = PBXSourcesBuildPhase;
			buildActionMask = 2147483647;
			files = (
				44A1C09D2910AEF600B6241E /* DotSyncIOSUITests.swift in Sources */,
				44A1C09F2910AEF600B6241E /* DotSyncIOSUITestsLaunchTests.swift in Sources */,
			);
			runOnlyForDeploymentPostprocessing = 0;
		};
/* End PBXSourcesBuildPhase section */

/* Begin PBXTargetDependency section */
		44A1C0902910AEF600B6241E /* PBXTargetDependency */ = {
			isa = PBXTargetDependency;
			target = 44A1C0782910AEF500B6241E /* DotSyncIOS */;
			targetProxy = 44A1C08F2910AEF600B6241E /* PBXContainerItemProxy */;
		};
		44A1C09A2910AEF600B6241E /* PBXTargetDependency */ = {
			isa = PBXTargetDependency;
			target = 44A1C0782910AEF500B6241E /* DotSyncIOS */;
			targetProxy = 44A1C0992910AEF600B6241E /* PBXContainerItemProxy */;
		};
/* End PBXTargetDependency section */

/* Begin XCBuildConfiguration section */
		44A1C0A02910AEF600B6241E /* Debug */ = {
			isa = XCBuildConfiguration;
			buildSettings = {
				ALWAYS_SEARCH_USER_PATHS = NO;
				CLANG_ANALYZER_NONNULL = YES;
				CLANG_ANALYZER_NUMBER_OBJECT_CONVERSION = YES_AGGRESSIVE;
				CLANG_CXX_LANGUAGE_STANDARD = "gnu++20";
				CLANG_ENABLE_MODULES = YES;
				CLANG_ENABLE_OBJC_ARC = YES;
				CLANG_ENABLE_OBJC_WEAK = YES;
				CLANG_WARN_BLOCK_CAPTURE_AUTORELEASING = YES;
				CLANG_WARN_BOOL_CONVERSION = YES;
				CLANG_WARN_COMMA = YES;
				CLANG_WARN_CONSTANT_CONVERSION = YES;
				CLANG_WARN_DEPRECATED_OBJC_IMPLEMENTATIONS = YES;
				CLANG_WARN_DIRECT_OBJC_ISA_USAGE = YES_ERROR;
				CLANG_WARN_DOCUMENTATION_COMMENTS = YES;
				CLANG_WARN_EMPTY_BODY = YES;
				CLANG_WARN_ENUM_CONVERSION = YES;
				CLANG_WARN_INFINITE_RECURSION = YES;
				CLANG_WARN_INT_CONVERSION = YES;
				CLANG_WARN_NON_LITERAL_NULL_CONVERSION = YES;
				CLANG_WARN_OBJC_IMPLICIT_RETAIN_SELF = YES;
				CLANG_WARN_OBJC_LITERAL_CONVERSION = YES;
				CLANG_WARN_OBJC_ROOT_CLASS = YES_ERROR;
				CLANG_WARN_QUOTED_INCLUDE_IN_FRAMEWORK_HEADER = YES;
				CLANG_WARN_RANGE_LOOP_ANALYSIS = YES;
				CLANG_WARN_STRICT_PROTOTYPES = YES;
				CLANG_WARN_SUSPICIOUS_MOVE = YES;
				CLANG_WARN_UNGUARDED_AVAILABILITY = YES_AGGRESSIVE;
				CLANG_WARN_UNREACHABLE_CODE = YES;
				CLANG_WARN__DUPLICATE_METHOD_MATCH = YES;
				COPY_PHASE_STRIP = NO;
				DEBUG_INFORMATION_FORMAT = dwarf;
				ENABLE_STRICT_OBJC_MSGSEND = YES;
				ENABLE_TESTABILITY = YES;
				GCC_C_LANGUAGE_STANDARD = gnu11;
				GCC_DYNAMIC_NO_PIC = NO;
				GCC_NO_COMMON_BLOCKS = YES;
				GCC_OPTIMIZATION_LEVEL = 0;
				GCC_PREPROCESSOR_DEFINITIONS = (
					"DEBUG=1",
					"$(inherited)",
				);
				GCC_WARN_64_TO_32_BIT_CONVERSION = YES;
				GCC_WARN_ABOUT_RETURN_TYPE = YES_ERROR;
				GCC_WARN_UNDECLARED_SELECTOR = YES;
				GCC_WARN_UNINITIALIZED_AUTOS = YES_AGGRESSIVE;
				GCC_WARN_UNUSED_FUNCTION = YES;
				GCC_WARN_UNUSED_VARIABLE = YES;
				IPHONEOS_DEPLOYMENT_TARGET = 16.0;
				MTL_ENABLE_DEBUG_INFO = INCLUDE_SOURCE;
				MTL_FAST_MATH = YES;
				ONLY_ACTIVE_ARCH = YES;
				SDKROOT = iphoneos;
				SWIFT_ACTIVE_COMPILATION_CONDITIONS = DEBUG;
				SWIFT_OPTIMIZATION_LEVEL = "-Onone";
			};
			name = Debug;
		};
		44A1C0A12910AEF600B6241E /* Release */ = {
			isa = XCBuildConfiguration;
			buildSettings = {
				ALWAYS_SEARCH_USER_PATHS = NO;
				CLANG_ANALYZER_NONNULL = YES;
				CLANG_ANALYZER_NUMBER_OBJECT_CONVERSION = YES_AGGRESSIVE;
				CLANG_CXX_LANGUAGE_STANDARD = "gnu++20";
				CLANG_ENABLE_MODULES = YES;
				CLANG_ENABLE_OBJC_ARC = YES;
				CLANG_ENABLE_OBJC_WEAK = YES;
				CLANG_WARN_BLOCK_CAPTURE_AUTORELEASING = YES;
				CLANG_WARN_BOOL_CONVERSION = YES;
				CLANG_WARN_COMMA = YES;
				CLANG_WARN_CONSTANT_CONVERSION = YES;
				CLANG_WARN_DEPRECATED_OBJC_IMPLEMENTATIONS = YES;
				CLANG_WARN_DIRECT_OBJC_ISA_USAGE = YES_ERROR;
				CLANG_WARN_DOCUMENTATION_COMMENTS = YES;
				CLANG_WARN_EMPTY_BODY = YES;
				CLANG_WARN_ENUM_CONVERSION = YES;
				CLANG_WARN_INFINITE_RECURSION = YES;
				CLANG_WARN_INT_CONVERSION = YES;
				CLANG_WARN_NON_LITERAL_NULL_CONVERSION = YES;
				CLANG_WARN_OBJC_IMPLICIT_RETAIN_SELF = YES;
				CLANG_WARN_OBJC_LITERAL_CONVERSION = YES;
				CLANG_WARN_OBJC_ROOT_CLASS = YES_ERROR;
				CLANG_WARN_QUOTED_INCLUDE_IN_FRAMEWORK_HEADER = YES;
				CLANG_WARN_RANGE_LOOP_ANALYSIS = YES;
				CLANG_WARN_STRICT_PROTOTYPES = YES;
				CLANG_WARN_SUSPICIOUS_MOVE = YES;
				CLANG_WARN_UNGUARDED_AVAILABILITY = YES_AGGRESSIVE;
				CLANG_WARN_UNREACHABLE_CODE = YES;
				CLANG_WARN__DUPLICATE_METHOD_MATCH = YES;
				COPY_PHASE_STRIP = NO;
				DEBUG_INFORMATION_FORMAT = "dwarf-with-dsym";
				ENABLE_NS_ASSERTIONS = NO;
				ENABLE_STRICT_OBJC_MSGSEND = YES;
				GCC_C_LANGUAGE_STANDARD = gnu11;
				GCC_NO_COMMON_BLOCKS = YES;
				GCC_WARN_64_TO_32_BIT_CONVERSION = YES;
				GCC_WARN_ABOUT_RETURN_TYPE = YES_ERROR;
				GCC_WARN_UNDECLARED_SELECTOR = YES;
				GCC_WARN_UNINITIALIZED_AUTOS = YES_AGGRESSIVE;
				GCC_WARN_UNUSED_FUNCTION = YES;
				GCC_WARN_UNUSED_VARIABLE = YES;
				IPHONEOS_DEPLOYMENT_TARGET = 16.0;
				MTL_ENABLE_DEBUG_INFO = NO;
				MTL_FAST_MATH = YES;
				SDKROOT = iphoneos;
				SWIFT_COMPILATION_MODE = wholemodule;
				SWIFT_OPTIMIZATION_LEVEL = "-O";
				VALIDATE_PRODUCT = YES;
			};
			name = Release;
		};
		44A1C0A32910AEF600B6241E /* Debug */ = {
			isa = XCBuildConfiguration;
			buildSettings = {
				ASSETCATALOG_COMPILER_APPICON_NAME = AppIcon;
				ASSETCATALOG_COMPILER_GLOBAL_ACCENT_COLOR_NAME = AccentColor;
				CODE_SIGN_STYLE = Automatic;
				CURRENT_PROJECT_VERSION = 1;
				DEVELOPMENT_ASSET_PATHS = "\"DotSyncIOS/Preview Content\"";
				DEVELOPMENT_TEAM = 7SN8S32BBW;
				ENABLE_PREVIEWS = YES;
				GENERATE_INFOPLIST_FILE = YES;
				INFOPLIST_KEY_UIApplicationSceneManifest_Generation = YES;
				INFOPLIST_KEY_UIApplicationSupportsIndirectInputEvents = YES;
				INFOPLIST_KEY_UILaunchScreen_Generation = YES;
				INFOPLIST_KEY_UISupportedInterfaceOrientations_iPad = "UIInterfaceOrientationPortrait UIInterfaceOrientationPortraitUpsideDown UIInterfaceOrientationLandscapeLeft UIInterfaceOrientationLandscapeRight";
				INFOPLIST_KEY_UISupportedInterfaceOrientations_iPhone = "UIInterfaceOrientationPortrait UIInterfaceOrientationLandscapeLeft UIInterfaceOrientationLandscapeRight";
				LD_RUNPATH_SEARCH_PATHS = (
					"$(inherited)",
					"@executable_path/Frameworks",
				);
				MARKETING_VERSION = 1.0;
				PRODUCT_BUNDLE_IDENTIFIER = io.fernandozhu.DotSyncIOS;
				PRODUCT_NAME = "$(TARGET_NAME)";
				SWIFT_EMIT_LOC_STRINGS = YES;
				SWIFT_VERSION = 5.0;
				TARGETED_DEVICE_FAMILY = "1,2";
			};
			name = Debug;
		};
		44A1C0A42910AEF600B6241E /* Release */ = {
			isa = XCBuildConfiguration;
			buildSettings = {
				ASSETCATALOG_COMPILER_APPICON_NAME = AppIcon;
				ASSETCATALOG_COMPILER_GLOBAL_ACCENT_COLOR_NAME = AccentColor;
				CODE_SIGN_STYLE = Automatic;
				CURRENT_PROJECT_VERSION = 1;
				DEVELOPMENT_ASSET_PATHS = "\"DotSyncIOS/Preview Content\"";
				DEVELOPMENT_TEAM = 7SN8S32BBW;
				ENABLE_PREVIEWS = YES;
				GENERATE_INFOPLIST_FILE = YES;
				INFOPLIST_KEY_UIApplicationSceneManifest_Generation = YES;
				INFOPLIST_KEY_UIApplicationSupportsIndirectInputEvents = YES;
				INFOPLIST_KEY_UILaunchScreen_Generation = YES;
				INFOPLIST_KEY_UISupportedInterfaceOrientations_iPad = "UIInterfaceOrientationPortrait UIInterfaceOrientationPortraitUpsideDown UIInterfaceOrientationLandscapeLeft UIInterfaceOrientationLandscapeRight";
				INFOPLIST_KEY_UISupportedInterfaceOrientations_iPhone = "UIInterfaceOrientationPortrait UIInterfaceOrientationLandscapeLeft UIInterfaceOrientationLandscapeRight";
				LD_RUNPATH_SEARCH_PATHS = (
					"$(inherited)",
					"@executable_path/Frameworks",
				);
				MARKETING_VERSION = 1.0;
				PRODUCT_BUNDLE_IDENTIFIER = io.fernandozhu.DotSyncIOS;
				PRODUCT_NAME = "$(TARGET_NAME)";
				SWIFT_EMIT_LOC_STRINGS = YES;
				SWIFT_VERSION = 5.0;
				TARGETED_DEVICE_FAMILY = "1,2";
			};
			name = Release;
		};
		44A1C0A62910AEF600B6241E /* Debug */ = {
			isa = XCBuildConfiguration;
			buildSettings = {
				ALWAYS_EMBED_SWIFT_STANDARD_LIBRARIES = YES;
				BUNDLE_LOADER = "$(TEST_HOST)";
				CODE_SIGN_STYLE = Automatic;
				CURRENT_PROJECT_VERSION = 1;
				DEVELOPMENT_TEAM = 7SN8S32BBW;
				GENERATE_INFOPLIST_FILE = YES;
				IPHONEOS_DEPLOYMENT_TARGET = 16.0;
				MARKETING_VERSION = 1.0;
				PRODUCT_BUNDLE_IDENTIFIER = io.fernandozhu.DotSyncIOSTests;
				PRODUCT_NAME = "$(TARGET_NAME)";
				SWIFT_EMIT_LOC_STRINGS = NO;
				SWIFT_VERSION = 5.0;
				TARGETED_DEVICE_FAMILY = "1,2";
				TEST_HOST = "$(BUILT_PRODUCTS_DIR)/DotSyncIOS.app/$(BUNDLE_EXECUTABLE_FOLDER_PATH)/DotSyncIOS";
			};
			name = Debug;
		};
		44A1C0A72910AEF600B6241E /* Release */ = {
			isa = XCBuildConfiguration;
			buildSettings = {
				ALWAYS_EMBED_SWIFT_STANDARD_LIBRARIES = YES;
				BUNDLE_LOADER = "$(TEST_HOST)";
				CODE_SIGN_STYLE = Automatic;
				CURRENT_PROJECT_VERSION = 1;
				DEVELOPMENT_TEAM = 7SN8S32BBW;
				GENERATE_INFOPLIST_FILE = YES;
				IPHONEOS_DEPLOYMENT_TARGET = 16.0;
				MARKETING_VERSION = 1.0;
				PRODUCT_BUNDLE_IDENTIFIER = io.fernandozhu.DotSyncIOSTests;
				PRODUCT_NAME = "$(TARGET_NAME)";
				SWIFT_EMIT_LOC_STRINGS = NO;
				SWIFT_VERSION = 5.0;
				TARGETED_DEVICE_FAMILY = "1,2";
				TEST_HOST = "$(BUILT_PRODUCTS_DIR)/DotSyncIOS.app/$(BUNDLE_EXECUTABLE_FOLDER_PATH)/DotSyncIOS";
			};
			name = Release;
		};
		44A1C0A92910AEF600B6241E /* Debug */ = {
			isa = XCBuildConfiguration;
			buildSettings = {
				ALWAYS_EMBED_SWIFT_STANDARD_LIBRARIES = YES;
				CODE_SIGN_STYLE = Automatic;
				CURRENT_PROJECT_VERSION = 1;
				DEVELOPMENT_TEAM = 7SN8S32BBW;
				GENERATE_INFOPLIST_FILE = YES;
				MARKETING_VERSION = 1.0;
				PRODUCT_BUNDLE_IDENTIFIER = io.fernandozhu.DotSyncIOSUITests;
				PRODUCT_NAME = "$(TARGET_NAME)";
				SWIFT_EMIT_LOC_STRINGS = NO;
				SWIFT_VERSION = 5.0;
				TARGETED_DEVICE_FAMILY = "1,2";
				TEST_TARGET_NAME = DotSyncIOS;
			};
			name = Debug;
		};
		44A1C0AA2910AEF600B6241E /* Release */ = {
			isa = XCBuildConfiguration;
			buildSettings = {
				ALWAYS_EMBED_SWIFT_STANDARD_LIBRARIES = YES;
				CODE_SIGN_STYLE = Automatic;
				CURRENT_PROJECT_VERSION = 1;
				DEVELOPMENT_TEAM = 7SN8S32BBW;
				GENERATE_INFOPLIST_FILE = YES;
				MARKETING_VERSION = 1.0;
				PRODUCT_BUNDLE_IDENTIFIER = io.fernandozhu.DotSyncIOSUITests;
				PRODUCT_NAME = "$(TARGET_NAME)";
				SWIFT_EMIT_LOC_STRINGS = NO;
				SWIFT_VERSION = 5.0;
				TARGETED_DEVICE_FAMILY = "1,2";
				TEST_TARGET_NAME = DotSyncIOS;
			};
			name = Release;
		};
/* End XCBuildConfiguration section */

/* Begin XCConfigurationList section */
		44A1C0742910AEF500B6241E /* Build configuration list for PBXProject "DotSyncIOS" */ = {
			isa = XCConfigurationList;
			buildConfigurations = (
				44A1C0A02910AEF600B6241E /* Debug */,
				44A1C0A12910AEF600B6241E /* Release */,
			);
			defaultConfigurationIsVisible = 0;
			defaultConfigurationName = Release;
		};
		44A1C0A22910AEF600B6241E /* Build configuration list for PBXNativeTarget "DotSyncIOS" */ = {
			isa = XCConfigurationList;
			buildConfigurations = (
				44A1C0A32910AEF600B6241E /* Debug */,
				44A1C0A42910AEF600B6241E /* Release */,
			);
			defaultConfigurationIsVisible = 0;
			defaultConfigurationName = Release;
		};
		44A1C0A52910AEF600B6241E /* Build configuration list for PBXNativeTarget "DotSyncIOSTests" */ = {
			isa = XCConfigurationList;
			buildConfigurations = (
				44A1C0A62910AEF600B6241E /* Debug */,
				44A1C0A72910AEF600B6241E /* Release */,
			);
			defaultConfigurationIsVisible = 0;
			defaultConfigurationName = Release;
		};
		44A1C0A82910AEF600B6241E /* Build configuration list for PBXNativeTarget "DotSyncIOSUITests" */ = {
			isa = XCConfigurationList;
			buildConfigurations = (
				44A1C0A92910AEF600B6241E /* Debug */,
				44A1C0AA2910AEF600B6241E /* Release */,
			);
			defaultConfigurationIsVisible = 0;
			defaultConfigurationName = Release;
		};
/* End XCConfigurationList section */

/* Begin XCVersionGroup section */
		44A1C0872910AEF500B6241E /* DotSyncIOS.xcdatamodeld */ = {
			isa = XCVersionGroup;
			children = (
				44A1C0882910AEF500B6241E /* DotSyncIOS.xcdatamodel */,
			);
			currentVersion = 44A1C0882910AEF500B6241E /* DotSyncIOS.xcdatamodel */;
			path = DotSyncIOS.xcdatamodeld;
			sourceTree = "<group>";
			versionGroupType = wrapper.xcdatamodel;
		};
/* End XCVersionGroup section */
	};
	rootObject = 44A1C0712910AEF500B6241E /* Project object */;
}
